{
  "name": "nodejs",
  "lockfileVersion": 2,
  "requires": true,
  "packages": {
    "": {
      "dependencies": {
        "presto-client": "^0.2.0"
      }
    },
    "node_modules/presto-client": {
      "version": "0.2.0",
      "resolved": "https://registry.npmjs.org/presto-client/-/presto-client-0.2.0.tgz",
      "integrity": "sha512-DL1cn2449bImgHX/ATA3/qZbzG0n6syxoAD2bndMVSIuOFGDPrekBD81lwB7w0vT6fbU3EjjZabDfOtLfLclDw=="
    }
  },
  "dependencies": {
    "presto-client": {
      "version": "0.2.0",
      "resolved": "https://registry.npmjs.org/presto-client/-/presto-client-0.2.0.tgz",
      "integrity": "sha512-DL1cn2449bImgHX/ATA3/qZbzG0n6syxoAD2bndMVSIuOFGDPrekBD81lwB7w0vT6fbU3EjjZabDfOtLfLclDw=="
    }
  }
}
